// !$*UTF8*$!
{
	archiveVersion = 1;
	classes = {
	};
	objectVersion = 55;
	objects = {

/* Begin PBXBuildFile section */
		4C0A3F8C280F5FCA000448DE /* ChatroomView.swift in Sources */ = {isa = PBXBuildFile; fileRef = 4C0A3F8B280F5FCA000448DE /* ChatroomView.swift */; };
		4C0A3F8F280F640A000448DE /* ThreadModel.swift in Sources */ = {isa = PBXBuildFile; fileRef = 4C0A3F8E280F640A000448DE /* ThreadModel.swift */; };
		4C0A3F91280F6528000448DE /* ChatView.swift in Sources */ = {isa = PBXBuildFile; fileRef = 4C0A3F90280F6528000448DE /* ChatView.swift */; };
		4C0A3F93280F66F5000448DE /* ReplyMap.swift in Sources */ = {isa = PBXBuildFile; fileRef = 4C0A3F92280F66F5000448DE /* ReplyMap.swift */; };
		4C0A3F95280F6C78000448DE /* ReplyQuoteView.swift in Sources */ = {isa = PBXBuildFile; fileRef = 4C0A3F94280F6C78000448DE /* ReplyQuoteView.swift */; };
		4C0A3F97280F8E02000448DE /* ThreadView.swift in Sources */ = {isa = PBXBuildFile; fileRef = 4C0A3F96280F8E02000448DE /* ThreadView.swift */; };
		4C75EFA427FA577B0006080F /* PostView.swift in Sources */ = {isa = PBXBuildFile; fileRef = 4C75EFA327FA577B0006080F /* PostView.swift */; };
		4C75EFA627FF87A20006080F /* Nostr.swift in Sources */ = {isa = PBXBuildFile; fileRef = 4C75EFA527FF87A20006080F /* Nostr.swift */; };
		4C75EFAD28049CFB0006080F /* PostButton.swift in Sources */ = {isa = PBXBuildFile; fileRef = 4C75EFAC28049CFB0006080F /* PostButton.swift */; };
		4C75EFAF28049D350006080F /* NostrFilter.swift in Sources */ = {isa = PBXBuildFile; fileRef = 4C75EFAE28049D340006080F /* NostrFilter.swift */; };
		4C75EFB128049D510006080F /* NostrResponse.swift in Sources */ = {isa = PBXBuildFile; fileRef = 4C75EFB028049D510006080F /* NostrResponse.swift */; };
		4C75EFB328049D640006080F /* NostrEvent.swift in Sources */ = {isa = PBXBuildFile; fileRef = 4C75EFB228049D640006080F /* NostrEvent.swift */; };
		4C75EFB528049D790006080F /* Relay.swift in Sources */ = {isa = PBXBuildFile; fileRef = 4C75EFB428049D790006080F /* Relay.swift */; };
		4C75EFB728049D990006080F /* RelayPool.swift in Sources */ = {isa = PBXBuildFile; fileRef = 4C75EFB628049D990006080F /* RelayPool.swift */; };
		4C75EFB92804A2740006080F /* EventView.swift in Sources */ = {isa = PBXBuildFile; fileRef = 4C75EFB82804A2740006080F /* EventView.swift */; };
		4C75EFBB2804A34C0006080F /* ProofOfWork.swift in Sources */ = {isa = PBXBuildFile; fileRef = 4C75EFBA2804A34C0006080F /* ProofOfWork.swift */; };
		4CA2EFA0280E37AC0044ACD8 /* TimelineView.swift in Sources */ = {isa = PBXBuildFile; fileRef = 4CA2EF9F280E37AC0044ACD8 /* TimelineView.swift */; };
		4CACA9D5280C31E100D9BBE8 /* ReplyView.swift in Sources */ = {isa = PBXBuildFile; fileRef = 4CACA9D4280C31E100D9BBE8 /* ReplyView.swift */; };
		4CACA9DC280C38C000D9BBE8 /* Profiles.swift in Sources */ = {isa = PBXBuildFile; fileRef = 4CACA9DB280C38C000D9BBE8 /* Profiles.swift */; };
		4CE4F8CD281352B30009DFBB /* Notifications.swift in Sources */ = {isa = PBXBuildFile; fileRef = 4CE4F8CC281352B30009DFBB /* Notifications.swift */; };
		4CE6DEE727F7A08100C66700 /* damusApp.swift in Sources */ = {isa = PBXBuildFile; fileRef = 4CE6DEE627F7A08100C66700 /* damusApp.swift */; };
		4CE6DEE927F7A08100C66700 /* ContentView.swift in Sources */ = {isa = PBXBuildFile; fileRef = 4CE6DEE827F7A08100C66700 /* ContentView.swift */; };
		4CE6DEEB27F7A08200C66700 /* Assets.xcassets in Resources */ = {isa = PBXBuildFile; fileRef = 4CE6DEEA27F7A08200C66700 /* Assets.xcassets */; };
		4CE6DEEE27F7A08200C66700 /* Preview Assets.xcassets in Resources */ = {isa = PBXBuildFile; fileRef = 4CE6DEED27F7A08200C66700 /* Preview Assets.xcassets */; };
		4CE6DEF827F7A08200C66700 /* damusTests.swift in Sources */ = {isa = PBXBuildFile; fileRef = 4CE6DEF727F7A08200C66700 /* damusTests.swift */; };
		4CE6DF0227F7A08200C66700 /* damusUITests.swift in Sources */ = {isa = PBXBuildFile; fileRef = 4CE6DF0127F7A08200C66700 /* damusUITests.swift */; };
		4CE6DF0427F7A08200C66700 /* damusUITestsLaunchTests.swift in Sources */ = {isa = PBXBuildFile; fileRef = 4CE6DF0327F7A08200C66700 /* damusUITestsLaunchTests.swift */; };
		4CE6DF1227F7A2B300C66700 /* Starscream in Frameworks */ = {isa = PBXBuildFile; productRef = 4CE6DF1127F7A2B300C66700 /* Starscream */; };
		4CE6DF1627F8DEBF00C66700 /* RelayConnection.swift in Sources */ = {isa = PBXBuildFile; fileRef = 4CE6DF1527F8DEBF00C66700 /* RelayConnection.swift */; };
		4CEE2AEB2805AEA300AB5EEF /* secp256k1 in Frameworks */ = {isa = PBXBuildFile; productRef = 4CEE2AEA2805AEA300AB5EEF /* secp256k1 */; };
		4CEE2AED2805B22500AB5EEF /* NostrRequest.swift in Sources */ = {isa = PBXBuildFile; fileRef = 4CEE2AEC2805B22500AB5EEF /* NostrRequest.swift */; };
		4CEE2AF1280B216B00AB5EEF /* EventDetailView.swift in Sources */ = {isa = PBXBuildFile; fileRef = 4CEE2AF0280B216B00AB5EEF /* EventDetailView.swift */; };
		4CEE2AF3280B25C500AB5EEF /* ProfilePicView.swift in Sources */ = {isa = PBXBuildFile; fileRef = 4CEE2AF2280B25C500AB5EEF /* ProfilePicView.swift */; };
		4CEE2AF5280B29E600AB5EEF /* TimeAgo.swift in Sources */ = {isa = PBXBuildFile; fileRef = 4CEE2AF4280B29E600AB5EEF /* TimeAgo.swift */; };
		4CEE2AF7280B2DEA00AB5EEF /* ProfileName.swift in Sources */ = {isa = PBXBuildFile; fileRef = 4CEE2AF6280B2DEA00AB5EEF /* ProfileName.swift */; };
		4CEE2AF9280B2EAC00AB5EEF /* PowView.swift in Sources */ = {isa = PBXBuildFile; fileRef = 4CEE2AF8280B2EAC00AB5EEF /* PowView.swift */; };
		4CEE2B02280B39E800AB5EEF /* EventActionBar.swift in Sources */ = {isa = PBXBuildFile; fileRef = 4CEE2B01280B39E800AB5EEF /* EventActionBar.swift */; };
/* End PBXBuildFile section */

/* Begin PBXContainerItemProxy section */
		4CE6DEF427F7A08200C66700 /* PBXContainerItemProxy */ = {
			isa = PBXContainerItemProxy;
			containerPortal = 4CE6DEDB27F7A08100C66700 /* Project object */;
			proxyType = 1;
			remoteGlobalIDString = 4CE6DEE227F7A08100C66700;
			remoteInfo = damus;
		};
		4CE6DEFE27F7A08200C66700 /* PBXContainerItemProxy */ = {
			isa = PBXContainerItemProxy;
			containerPortal = 4CE6DEDB27F7A08100C66700 /* Project object */;
			proxyType = 1;
			remoteGlobalIDString = 4CE6DEE227F7A08100C66700;
			remoteInfo = damus;
		};
/* End PBXContainerItemProxy section */

/* Begin PBXFileReference section */
		4C0A3F8B280F5FCA000448DE /* ChatroomView.swift */ = {isa = PBXFileReference; lastKnownFileType = sourcecode.swift; path = ChatroomView.swift; sourceTree = "<group>"; };
		4C0A3F8E280F640A000448DE /* ThreadModel.swift */ = {isa = PBXFileReference; lastKnownFileType = sourcecode.swift; path = ThreadModel.swift; sourceTree = "<group>"; };
		4C0A3F90280F6528000448DE /* ChatView.swift */ = {isa = PBXFileReference; lastKnownFileType = sourcecode.swift; path = ChatView.swift; sourceTree = "<group>"; };
		4C0A3F92280F66F5000448DE /* ReplyMap.swift */ = {isa = PBXFileReference; lastKnownFileType = sourcecode.swift; path = ReplyMap.swift; sourceTree = "<group>"; };
		4C0A3F94280F6C78000448DE /* ReplyQuoteView.swift */ = {isa = PBXFileReference; lastKnownFileType = sourcecode.swift; path = ReplyQuoteView.swift; sourceTree = "<group>"; };
		4C0A3F96280F8E02000448DE /* ThreadView.swift */ = {isa = PBXFileReference; lastKnownFileType = sourcecode.swift; path = ThreadView.swift; sourceTree = "<group>"; };
		4C75EFA327FA577B0006080F /* PostView.swift */ = {isa = PBXFileReference; lastKnownFileType = sourcecode.swift; path = PostView.swift; sourceTree = "<group>"; };
		4C75EFA527FF87A20006080F /* Nostr.swift */ = {isa = PBXFileReference; lastKnownFileType = sourcecode.swift; path = Nostr.swift; sourceTree = "<group>"; };
		4C75EFA72804823E0006080F /* Info.plist */ = {isa = PBXFileReference; lastKnownFileType = text.plist; path = Info.plist; sourceTree = "<group>"; };
		4C75EFAC28049CFB0006080F /* PostButton.swift */ = {isa = PBXFileReference; lastKnownFileType = sourcecode.swift; path = PostButton.swift; sourceTree = "<group>"; };
		4C75EFAE28049D340006080F /* NostrFilter.swift */ = {isa = PBXFileReference; lastKnownFileType = sourcecode.swift; path = NostrFilter.swift; sourceTree = "<group>"; };
		4C75EFB028049D510006080F /* NostrResponse.swift */ = {isa = PBXFileReference; lastKnownFileType = sourcecode.swift; path = NostrResponse.swift; sourceTree = "<group>"; };
		4C75EFB228049D640006080F /* NostrEvent.swift */ = {isa = PBXFileReference; lastKnownFileType = sourcecode.swift; path = NostrEvent.swift; sourceTree = "<group>"; };
		4C75EFB428049D790006080F /* Relay.swift */ = {isa = PBXFileReference; lastKnownFileType = sourcecode.swift; path = Relay.swift; sourceTree = "<group>"; };
		4C75EFB628049D990006080F /* RelayPool.swift */ = {isa = PBXFileReference; lastKnownFileType = sourcecode.swift; path = RelayPool.swift; sourceTree = "<group>"; };
		4C75EFB82804A2740006080F /* EventView.swift */ = {isa = PBXFileReference; lastKnownFileType = sourcecode.swift; path = EventView.swift; sourceTree = "<group>"; };
		4C75EFBA2804A34C0006080F /* ProofOfWork.swift */ = {isa = PBXFileReference; lastKnownFileType = sourcecode.swift; path = ProofOfWork.swift; sourceTree = "<group>"; };
		4CA2EF9F280E37AC0044ACD8 /* TimelineView.swift */ = {isa = PBXFileReference; lastKnownFileType = sourcecode.swift; path = TimelineView.swift; sourceTree = "<group>"; };
		4CACA9D4280C31E100D9BBE8 /* ReplyView.swift */ = {isa = PBXFileReference; lastKnownFileType = sourcecode.swift; path = ReplyView.swift; sourceTree = "<group>"; };
		4CACA9DB280C38C000D9BBE8 /* Profiles.swift */ = {isa = PBXFileReference; lastKnownFileType = sourcecode.swift; path = Profiles.swift; sourceTree = "<group>"; };
		4CE4F8CC281352B30009DFBB /* Notifications.swift */ = {isa = PBXFileReference; lastKnownFileType = sourcecode.swift; path = Notifications.swift; sourceTree = "<group>"; };
		4CE6DEE327F7A08100C66700 /* damus.app */ = {isa = PBXFileReference; explicitFileType = wrapper.application; includeInIndex = 0; path = damus.app; sourceTree = BUILT_PRODUCTS_DIR; };
		4CE6DEE627F7A08100C66700 /* damusApp.swift */ = {isa = PBXFileReference; lastKnownFileType = sourcecode.swift; path = damusApp.swift; sourceTree = "<group>"; };
		4CE6DEE827F7A08100C66700 /* ContentView.swift */ = {isa = PBXFileReference; lastKnownFileType = sourcecode.swift; path = ContentView.swift; sourceTree = "<group>"; };
		4CE6DEEA27F7A08200C66700 /* Assets.xcassets */ = {isa = PBXFileReference; lastKnownFileType = folder.assetcatalog; path = Assets.xcassets; sourceTree = "<group>"; };
		4CE6DEED27F7A08200C66700 /* Preview Assets.xcassets */ = {isa = PBXFileReference; lastKnownFileType = folder.assetcatalog; path = "Preview Assets.xcassets"; sourceTree = "<group>"; };
		4CE6DEF327F7A08200C66700 /* damusTests.xctest */ = {isa = PBXFileReference; explicitFileType = wrapper.cfbundle; includeInIndex = 0; path = damusTests.xctest; sourceTree = BUILT_PRODUCTS_DIR; };
		4CE6DEF727F7A08200C66700 /* damusTests.swift */ = {isa = PBXFileReference; lastKnownFileType = sourcecode.swift; path = damusTests.swift; sourceTree = "<group>"; };
		4CE6DEFD27F7A08200C66700 /* damusUITests.xctest */ = {isa = PBXFileReference; explicitFileType = wrapper.cfbundle; includeInIndex = 0; path = damusUITests.xctest; sourceTree = BUILT_PRODUCTS_DIR; };
		4CE6DF0127F7A08200C66700 /* damusUITests.swift */ = {isa = PBXFileReference; lastKnownFileType = sourcecode.swift; path = damusUITests.swift; sourceTree = "<group>"; };
		4CE6DF0327F7A08200C66700 /* damusUITestsLaunchTests.swift */ = {isa = PBXFileReference; lastKnownFileType = sourcecode.swift; path = damusUITestsLaunchTests.swift; sourceTree = "<group>"; };
		4CE6DF1527F8DEBF00C66700 /* RelayConnection.swift */ = {isa = PBXFileReference; lastKnownFileType = sourcecode.swift; path = RelayConnection.swift; sourceTree = "<group>"; };
		4CEE2AE72804F57C00AB5EEF /* libsecp256k1.a */ = {isa = PBXFileReference; lastKnownFileType = archive.ar; path = libsecp256k1.a; sourceTree = "<group>"; };
		4CEE2AEC2805B22500AB5EEF /* NostrRequest.swift */ = {isa = PBXFileReference; lastKnownFileType = sourcecode.swift; path = NostrRequest.swift; sourceTree = "<group>"; };
		4CEE2AF0280B216B00AB5EEF /* EventDetailView.swift */ = {isa = PBXFileReference; lastKnownFileType = sourcecode.swift; path = EventDetailView.swift; sourceTree = "<group>"; };
		4CEE2AF2280B25C500AB5EEF /* ProfilePicView.swift */ = {isa = PBXFileReference; lastKnownFileType = sourcecode.swift; path = ProfilePicView.swift; sourceTree = "<group>"; };
		4CEE2AF4280B29E600AB5EEF /* TimeAgo.swift */ = {isa = PBXFileReference; lastKnownFileType = sourcecode.swift; path = TimeAgo.swift; sourceTree = "<group>"; };
		4CEE2AF6280B2DEA00AB5EEF /* ProfileName.swift */ = {isa = PBXFileReference; lastKnownFileType = sourcecode.swift; path = ProfileName.swift; sourceTree = "<group>"; };
		4CEE2AF8280B2EAC00AB5EEF /* PowView.swift */ = {isa = PBXFileReference; lastKnownFileType = sourcecode.swift; path = PowView.swift; sourceTree = "<group>"; };
		4CEE2B01280B39E800AB5EEF /* EventActionBar.swift */ = {isa = PBXFileReference; lastKnownFileType = sourcecode.swift; path = EventActionBar.swift; sourceTree = "<group>"; };
/* End PBXFileReference section */

/* Begin PBXFrameworksBuildPhase section */
		4CE6DEE027F7A08100C66700 /* Frameworks */ = {
			isa = PBXFrameworksBuildPhase;
			buildActionMask = 2147483647;
			files = (
				4CEE2AEB2805AEA300AB5EEF /* secp256k1 in Frameworks */,
				4CE6DF1227F7A2B300C66700 /* Starscream in Frameworks */,
			);
			runOnlyForDeploymentPostprocessing = 0;
		};
		4CE6DEF027F7A08200C66700 /* Frameworks */ = {
			isa = PBXFrameworksBuildPhase;
			buildActionMask = 2147483647;
			files = (
			);
			runOnlyForDeploymentPostprocessing = 0;
		};
		4CE6DEFA27F7A08200C66700 /* Frameworks */ = {
			isa = PBXFrameworksBuildPhase;
			buildActionMask = 2147483647;
			files = (
			);
			runOnlyForDeploymentPostprocessing = 0;
		};
/* End PBXFrameworksBuildPhase section */

/* Begin PBXGroup section */
		4C0A3F8D280F63FF000448DE /* Models */ = {
			isa = PBXGroup;
			children = (
				4C0A3F8E280F640A000448DE /* ThreadModel.swift */,
				4C0A3F92280F66F5000448DE /* ReplyMap.swift */,
			);
			path = Models;
			sourceTree = "<group>";
		};
		4C75EFA227FA576C0006080F /* Views */ = {
			isa = PBXGroup;
			children = (
				4C75EFA327FA577B0006080F /* PostView.swift */,
				4C75EFAC28049CFB0006080F /* PostButton.swift */,
				4C75EFB82804A2740006080F /* EventView.swift */,
				4CEE2AF0280B216B00AB5EEF /* EventDetailView.swift */,
				4CEE2AF2280B25C500AB5EEF /* ProfilePicView.swift */,
				4CEE2AF6280B2DEA00AB5EEF /* ProfileName.swift */,
				4CEE2AF8280B2EAC00AB5EEF /* PowView.swift */,
				4CEE2B01280B39E800AB5EEF /* EventActionBar.swift */,
				4CACA9D4280C31E100D9BBE8 /* ReplyView.swift */,
				4CA2EF9F280E37AC0044ACD8 /* TimelineView.swift */,
				4C0A3F8B280F5FCA000448DE /* ChatroomView.swift */,
				4C0A3F90280F6528000448DE /* ChatView.swift */,
				4C0A3F94280F6C78000448DE /* ReplyQuoteView.swift */,
				4C0A3F96280F8E02000448DE /* ThreadView.swift */,
			);
			path = Views;
			sourceTree = "<group>";
		};
		4C75EFAB28049CC80006080F /* Nostr */ = {
			isa = PBXGroup;
			children = (
				4CE6DF1527F8DEBF00C66700 /* RelayConnection.swift */,
				4C75EFA527FF87A20006080F /* Nostr.swift */,
				4C75EFAE28049D340006080F /* NostrFilter.swift */,
				4C75EFB028049D510006080F /* NostrResponse.swift */,
				4C75EFB228049D640006080F /* NostrEvent.swift */,
				4C75EFB428049D790006080F /* Relay.swift */,
				4C75EFB628049D990006080F /* RelayPool.swift */,
				4C75EFBA2804A34C0006080F /* ProofOfWork.swift */,
				4CEE2AEC2805B22500AB5EEF /* NostrRequest.swift */,
				4CACA9DB280C38C000D9BBE8 /* Profiles.swift */,
			);
			path = Nostr;
			sourceTree = "<group>";
		};
		4CE6DEDA27F7A08100C66700 = {
			isa = PBXGroup;
			children = (
				4CE6DEE527F7A08100C66700 /* damus */,
				4CE6DEF627F7A08200C66700 /* damusTests */,
				4CE6DF0027F7A08200C66700 /* damusUITests */,
				4CE6DEE427F7A08100C66700 /* Products */,
				4CEE2AE62804F57B00AB5EEF /* Frameworks */,
			);
			sourceTree = "<group>";
		};
		4CE6DEE427F7A08100C66700 /* Products */ = {
			isa = PBXGroup;
			children = (
				4CE6DEE327F7A08100C66700 /* damus.app */,
				4CE6DEF327F7A08200C66700 /* damusTests.xctest */,
				4CE6DEFD27F7A08200C66700 /* damusUITests.xctest */,
			);
			name = Products;
			sourceTree = "<group>";
		};
		4CE6DEE527F7A08100C66700 /* damus */ = {
			isa = PBXGroup;
			children = (
				4C0A3F8D280F63FF000448DE /* Models */,
				4C75EFAB28049CC80006080F /* Nostr */,
				4C75EFA72804823E0006080F /* Info.plist */,
				4C75EFA227FA576C0006080F /* Views */,
				4CE6DEE627F7A08100C66700 /* damusApp.swift */,
				4CE6DEE827F7A08100C66700 /* ContentView.swift */,
				4CE6DEEA27F7A08200C66700 /* Assets.xcassets */,
				4CE6DEEC27F7A08200C66700 /* Preview Content */,
				4CEE2AF4280B29E600AB5EEF /* TimeAgo.swift */,
				4CE4F8CC281352B30009DFBB /* Notifications.swift */,
			);
			path = damus;
			sourceTree = "<group>";
		};
		4CE6DEEC27F7A08200C66700 /* Preview Content */ = {
			isa = PBXGroup;
			children = (
				4CE6DEED27F7A08200C66700 /* Preview Assets.xcassets */,
			);
			path = "Preview Content";
			sourceTree = "<group>";
		};
		4CE6DEF627F7A08200C66700 /* damusTests */ = {
			isa = PBXGroup;
			children = (
				4CE6DEF727F7A08200C66700 /* damusTests.swift */,
			);
			path = damusTests;
			sourceTree = "<group>";
		};
		4CE6DF0027F7A08200C66700 /* damusUITests */ = {
			isa = PBXGroup;
			children = (
				4CE6DF0127F7A08200C66700 /* damusUITests.swift */,
				4CE6DF0327F7A08200C66700 /* damusUITestsLaunchTests.swift */,
			);
			path = damusUITests;
			sourceTree = "<group>";
		};
		4CEE2AE62804F57B00AB5EEF /* Frameworks */ = {
			isa = PBXGroup;
			children = (
				4CEE2AE72804F57C00AB5EEF /* libsecp256k1.a */,
			);
			name = Frameworks;
			sourceTree = "<group>";
		};
/* End PBXGroup section */

/* Begin PBXNativeTarget section */
		4CE6DEE227F7A08100C66700 /* damus */ = {
			isa = PBXNativeTarget;
			buildConfigurationList = 4CE6DF0727F7A08200C66700 /* Build configuration list for PBXNativeTarget "damus" */;
			buildPhases = (
				4CE6DEDF27F7A08100C66700 /* Sources */,
				4CE6DEE027F7A08100C66700 /* Frameworks */,
				4CE6DEE127F7A08100C66700 /* Resources */,
			);
			buildRules = (
			);
			dependencies = (
			);
			name = damus;
			packageProductDependencies = (
				4CE6DF1127F7A2B300C66700 /* Starscream */,
				4CEE2AEA2805AEA300AB5EEF /* secp256k1 */,
			);
			productName = damus;
			productReference = 4CE6DEE327F7A08100C66700 /* damus.app */;
			productType = "com.apple.product-type.application";
		};
		4CE6DEF227F7A08200C66700 /* damusTests */ = {
			isa = PBXNativeTarget;
			buildConfigurationList = 4CE6DF0A27F7A08200C66700 /* Build configuration list for PBXNativeTarget "damusTests" */;
			buildPhases = (
				4CE6DEEF27F7A08200C66700 /* Sources */,
				4CE6DEF027F7A08200C66700 /* Frameworks */,
				4CE6DEF127F7A08200C66700 /* Resources */,
			);
			buildRules = (
			);
			dependencies = (
				4CE6DEF527F7A08200C66700 /* PBXTargetDependency */,
			);
			name = damusTests;
			productName = damusTests;
			productReference = 4CE6DEF327F7A08200C66700 /* damusTests.xctest */;
			productType = "com.apple.product-type.bundle.unit-test";
		};
		4CE6DEFC27F7A08200C66700 /* damusUITests */ = {
			isa = PBXNativeTarget;
			buildConfigurationList = 4CE6DF0D27F7A08200C66700 /* Build configuration list for PBXNativeTarget "damusUITests" */;
			buildPhases = (
				4CE6DEF927F7A08200C66700 /* Sources */,
				4CE6DEFA27F7A08200C66700 /* Frameworks */,
				4CE6DEFB27F7A08200C66700 /* Resources */,
			);
			buildRules = (
			);
			dependencies = (
				4CE6DEFF27F7A08200C66700 /* PBXTargetDependency */,
			);
			name = damusUITests;
			productName = damusUITests;
			productReference = 4CE6DEFD27F7A08200C66700 /* damusUITests.xctest */;
			productType = "com.apple.product-type.bundle.ui-testing";
		};
/* End PBXNativeTarget section */

/* Begin PBXProject section */
		4CE6DEDB27F7A08100C66700 /* Project object */ = {
			isa = PBXProject;
			attributes = {
				BuildIndependentTargetsInParallel = 1;
				LastSwiftUpdateCheck = 1330;
				LastUpgradeCheck = 1330;
				TargetAttributes = {
					4CE6DEE227F7A08100C66700 = {
						CreatedOnToolsVersion = 13.3;
					};
					4CE6DEF227F7A08200C66700 = {
						CreatedOnToolsVersion = 13.3;
						TestTargetID = 4CE6DEE227F7A08100C66700;
					};
					4CE6DEFC27F7A08200C66700 = {
						CreatedOnToolsVersion = 13.3;
						TestTargetID = 4CE6DEE227F7A08100C66700;
					};
				};
			};
			buildConfigurationList = 4CE6DEDE27F7A08100C66700 /* Build configuration list for PBXProject "damus" */;
			compatibilityVersion = "Xcode 13.0";
			developmentRegion = en;
			hasScannedForEncodings = 0;
			knownRegions = (
				en,
				Base,
			);
			mainGroup = 4CE6DEDA27F7A08100C66700;
			packageReferences = (
				4CE6DF1027F7A2B300C66700 /* XCRemoteSwiftPackageReference "Starscream" */,
				4CEE2AE92805AEA300AB5EEF /* XCRemoteSwiftPackageReference "secp256k1" */,
			);
			productRefGroup = 4CE6DEE427F7A08100C66700 /* Products */;
			projectDirPath = "";
			projectRoot = "";
			targets = (
				4CE6DEE227F7A08100C66700 /* damus */,
				4CE6DEF227F7A08200C66700 /* damusTests */,
				4CE6DEFC27F7A08200C66700 /* damusUITests */,
			);
		};
/* End PBXProject section */

/* Begin PBXResourcesBuildPhase section */
		4CE6DEE127F7A08100C66700 /* Resources */ = {
			isa = PBXResourcesBuildPhase;
			buildActionMask = 2147483647;
			files = (
				4CE6DEEE27F7A08200C66700 /* Preview Assets.xcassets in Resources */,
				4CE6DEEB27F7A08200C66700 /* Assets.xcassets in Resources */,
			);
			runOnlyForDeploymentPostprocessing = 0;
		};
		4CE6DEF127F7A08200C66700 /* Resources */ = {
			isa = PBXResourcesBuildPhase;
			buildActionMask = 2147483647;
			files = (
			);
			runOnlyForDeploymentPostprocessing = 0;
		};
		4CE6DEFB27F7A08200C66700 /* Resources */ = {
			isa = PBXResourcesBuildPhase;
			buildActionMask = 2147483647;
			files = (
			);
			runOnlyForDeploymentPostprocessing = 0;
		};
/* End PBXResourcesBuildPhase section */

/* Begin PBXSourcesBuildPhase section */
		4CE6DEDF27F7A08100C66700 /* Sources */ = {
			isa = PBXSourcesBuildPhase;
			buildActionMask = 2147483647;
			files = (
				4CE4F8CD281352B30009DFBB /* Notifications.swift in Sources */,
				4C75EFB728049D990006080F /* RelayPool.swift in Sources */,
				4CE6DEE927F7A08100C66700 /* ContentView.swift in Sources */,
				4CEE2AF5280B29E600AB5EEF /* TimeAgo.swift in Sources */,
				4C75EFAD28049CFB0006080F /* PostButton.swift in Sources */,
				4C75EFB92804A2740006080F /* EventView.swift in Sources */,
				4C0A3F8C280F5FCA000448DE /* ChatroomView.swift in Sources */,
				4C0A3F91280F6528000448DE /* ChatView.swift in Sources */,
				4C75EFA627FF87A20006080F /* Nostr.swift in Sources */,
				4C75EFB328049D640006080F /* NostrEvent.swift in Sources */,
				4CA2EFA0280E37AC0044ACD8 /* TimelineView.swift in Sources */,
				4C75EFB128049D510006080F /* NostrResponse.swift in Sources */,
				4CEE2AF7280B2DEA00AB5EEF /* ProfileName.swift in Sources */,
				4CEE2B02280B39E800AB5EEF /* EventActionBar.swift in Sources */,
				4C0A3F8F280F640A000448DE /* ThreadModel.swift in Sources */,
				4C0A3F93280F66F5000448DE /* ReplyMap.swift in Sources */,
				4CACA9DC280C38C000D9BBE8 /* Profiles.swift in Sources */,
				4C75EFAF28049D350006080F /* NostrFilter.swift in Sources */,
				4CE6DF1627F8DEBF00C66700 /* RelayConnection.swift in Sources */,
				4CEE2AF3280B25C500AB5EEF /* ProfilePicView.swift in Sources */,
				4CEE2AF9280B2EAC00AB5EEF /* PowView.swift in Sources */,
				4CE6DEE727F7A08100C66700 /* damusApp.swift in Sources */,
				4CEE2AED2805B22500AB5EEF /* NostrRequest.swift in Sources */,
				4C0A3F95280F6C78000448DE /* ReplyQuoteView.swift in Sources */,
				4CACA9D5280C31E100D9BBE8 /* ReplyView.swift in Sources */,
				4C0A3F97280F8E02000448DE /* ThreadView.swift in Sources */,
				4C75EFA427FA577B0006080F /* PostView.swift in Sources */,
				4C75EFB528049D790006080F /* Relay.swift in Sources */,
				4CEE2AF1280B216B00AB5EEF /* EventDetailView.swift in Sources */,
				4C75EFBB2804A34C0006080F /* ProofOfWork.swift in Sources */,
			);
			runOnlyForDeploymentPostprocessing = 0;
		};
		4CE6DEEF27F7A08200C66700 /* Sources */ = {
			isa = PBXSourcesBuildPhase;
			buildActionMask = 2147483647;
			files = (
				4CE6DEF827F7A08200C66700 /* damusTests.swift in Sources */,
			);
			runOnlyForDeploymentPostprocessing = 0;
		};
		4CE6DEF927F7A08200C66700 /* Sources */ = {
			isa = PBXSourcesBuildPhase;
			buildActionMask = 2147483647;
			files = (
				4CE6DF0227F7A08200C66700 /* damusUITests.swift in Sources */,
				4CE6DF0427F7A08200C66700 /* damusUITestsLaunchTests.swift in Sources */,
			);
			runOnlyForDeploymentPostprocessing = 0;
		};
/* End PBXSourcesBuildPhase section */

/* Begin PBXTargetDependency section */
		4CE6DEF527F7A08200C66700 /* PBXTargetDependency */ = {
			isa = PBXTargetDependency;
			target = 4CE6DEE227F7A08100C66700 /* damus */;
			targetProxy = 4CE6DEF427F7A08200C66700 /* PBXContainerItemProxy */;
		};
		4CE6DEFF27F7A08200C66700 /* PBXTargetDependency */ = {
			isa = PBXTargetDependency;
			target = 4CE6DEE227F7A08100C66700 /* damus */;
			targetProxy = 4CE6DEFE27F7A08200C66700 /* PBXContainerItemProxy */;
		};
/* End PBXTargetDependency section */

/* Begin XCBuildConfiguration section */
		4CE6DF0527F7A08200C66700 /* Debug */ = {
			isa = XCBuildConfiguration;
			buildSettings = {
				ALWAYS_SEARCH_USER_PATHS = NO;
				CLANG_ANALYZER_NONNULL = YES;
				CLANG_ANALYZER_NUMBER_OBJECT_CONVERSION = YES_AGGRESSIVE;
				CLANG_CXX_LANGUAGE_STANDARD = "gnu++17";
				CLANG_ENABLE_MODULES = YES;
				CLANG_ENABLE_OBJC_ARC = YES;
				CLANG_ENABLE_OBJC_WEAK = YES;
				CLANG_WARN_BLOCK_CAPTURE_AUTORELEASING = YES;
				CLANG_WARN_BOOL_CONVERSION = YES;
				CLANG_WARN_COMMA = YES;
				CLANG_WARN_CONSTANT_CONVERSION = YES;
				CLANG_WARN_DEPRECATED_OBJC_IMPLEMENTATIONS = YES;
				CLANG_WARN_DIRECT_OBJC_ISA_USAGE = YES_ERROR;
				CLANG_WARN_DOCUMENTATION_COMMENTS = YES;
				CLANG_WARN_EMPTY_BODY = YES;
				CLANG_WARN_ENUM_CONVERSION = YES;
				CLANG_WARN_INFINITE_RECURSION = YES;
				CLANG_WARN_INT_CONVERSION = YES;
				CLANG_WARN_NON_LITERAL_NULL_CONVERSION = YES;
				CLANG_WARN_OBJC_IMPLICIT_RETAIN_SELF = YES;
				CLANG_WARN_OBJC_LITERAL_CONVERSION = YES;
				CLANG_WARN_OBJC_ROOT_CLASS = YES_ERROR;
				CLANG_WARN_QUOTED_INCLUDE_IN_FRAMEWORK_HEADER = YES;
				CLANG_WARN_RANGE_LOOP_ANALYSIS = YES;
				CLANG_WARN_STRICT_PROTOTYPES = YES;
				CLANG_WARN_SUSPICIOUS_MOVE = YES;
				CLANG_WARN_UNGUARDED_AVAILABILITY = YES_AGGRESSIVE;
				CLANG_WARN_UNREACHABLE_CODE = YES;
				CLANG_WARN__DUPLICATE_METHOD_MATCH = YES;
				COPY_PHASE_STRIP = NO;
				DEBUG_INFORMATION_FORMAT = dwarf;
				ENABLE_STRICT_OBJC_MSGSEND = YES;
				ENABLE_TESTABILITY = YES;
				GCC_C_LANGUAGE_STANDARD = gnu11;
				GCC_DYNAMIC_NO_PIC = NO;
				GCC_NO_COMMON_BLOCKS = YES;
				GCC_OPTIMIZATION_LEVEL = 0;
				GCC_PREPROCESSOR_DEFINITIONS = (
					"DEBUG=1",
					"$(inherited)",
				);
				GCC_WARN_64_TO_32_BIT_CONVERSION = YES;
				GCC_WARN_ABOUT_RETURN_TYPE = YES_ERROR;
				GCC_WARN_UNDECLARED_SELECTOR = YES;
				GCC_WARN_UNINITIALIZED_AUTOS = YES_AGGRESSIVE;
				GCC_WARN_UNUSED_FUNCTION = YES;
				GCC_WARN_UNUSED_VARIABLE = YES;
				IPHONEOS_DEPLOYMENT_TARGET = 15.3;
				MACOSX_DEPLOYMENT_TARGET = 12.3;
				MTL_ENABLE_DEBUG_INFO = INCLUDE_SOURCE;
				MTL_FAST_MATH = YES;
				ONLY_ACTIVE_ARCH = YES;
				SDKROOT = iphoneos;
				SWIFT_ACTIVE_COMPILATION_CONDITIONS = DEBUG;
				SWIFT_OPTIMIZATION_LEVEL = "-Onone";
			};
			name = Debug;
		};
		4CE6DF0627F7A08200C66700 /* Release */ = {
			isa = XCBuildConfiguration;
			buildSettings = {
				ALWAYS_SEARCH_USER_PATHS = NO;
				CLANG_ANALYZER_NONNULL = YES;
				CLANG_ANALYZER_NUMBER_OBJECT_CONVERSION = YES_AGGRESSIVE;
				CLANG_CXX_LANGUAGE_STANDARD = "gnu++17";
				CLANG_ENABLE_MODULES = YES;
				CLANG_ENABLE_OBJC_ARC = YES;
				CLANG_ENABLE_OBJC_WEAK = YES;
				CLANG_WARN_BLOCK_CAPTURE_AUTORELEASING = YES;
				CLANG_WARN_BOOL_CONVERSION = YES;
				CLANG_WARN_COMMA = YES;
				CLANG_WARN_CONSTANT_CONVERSION = YES;
				CLANG_WARN_DEPRECATED_OBJC_IMPLEMENTATIONS = YES;
				CLANG_WARN_DIRECT_OBJC_ISA_USAGE = YES_ERROR;
				CLANG_WARN_DOCUMENTATION_COMMENTS = YES;
				CLANG_WARN_EMPTY_BODY = YES;
				CLANG_WARN_ENUM_CONVERSION = YES;
				CLANG_WARN_INFINITE_RECURSION = YES;
				CLANG_WARN_INT_CONVERSION = YES;
				CLANG_WARN_NON_LITERAL_NULL_CONVERSION = YES;
				CLANG_WARN_OBJC_IMPLICIT_RETAIN_SELF = YES;
				CLANG_WARN_OBJC_LITERAL_CONVERSION = YES;
				CLANG_WARN_OBJC_ROOT_CLASS = YES_ERROR;
				CLANG_WARN_QUOTED_INCLUDE_IN_FRAMEWORK_HEADER = YES;
				CLANG_WARN_RANGE_LOOP_ANALYSIS = YES;
				CLANG_WARN_STRICT_PROTOTYPES = YES;
				CLANG_WARN_SUSPICIOUS_MOVE = YES;
				CLANG_WARN_UNGUARDED_AVAILABILITY = YES_AGGRESSIVE;
				CLANG_WARN_UNREACHABLE_CODE = YES;
				CLANG_WARN__DUPLICATE_METHOD_MATCH = YES;
				COPY_PHASE_STRIP = NO;
				DEBUG_INFORMATION_FORMAT = "dwarf-with-dsym";
				ENABLE_NS_ASSERTIONS = NO;
				ENABLE_STRICT_OBJC_MSGSEND = YES;
				GCC_C_LANGUAGE_STANDARD = gnu11;
				GCC_NO_COMMON_BLOCKS = YES;
				GCC_WARN_64_TO_32_BIT_CONVERSION = YES;
				GCC_WARN_ABOUT_RETURN_TYPE = YES_ERROR;
				GCC_WARN_UNDECLARED_SELECTOR = YES;
				GCC_WARN_UNINITIALIZED_AUTOS = YES_AGGRESSIVE;
				GCC_WARN_UNUSED_FUNCTION = YES;
				GCC_WARN_UNUSED_VARIABLE = YES;
				IPHONEOS_DEPLOYMENT_TARGET = 15.3;
				MACOSX_DEPLOYMENT_TARGET = 12.3;
				MTL_ENABLE_DEBUG_INFO = NO;
				MTL_FAST_MATH = YES;
				SDKROOT = iphoneos;
				SWIFT_COMPILATION_MODE = wholemodule;
				SWIFT_OPTIMIZATION_LEVEL = "-O";
				VALIDATE_PRODUCT = YES;
			};
			name = Release;
		};
		4CE6DF0827F7A08200C66700 /* Debug */ = {
			isa = XCBuildConfiguration;
			buildSettings = {
				ASSETCATALOG_COMPILER_APPICON_NAME = AppIcon;
				ASSETCATALOG_COMPILER_GLOBAL_ACCENT_COLOR_NAME = AccentColor;
				CODE_SIGN_STYLE = Automatic;
				CURRENT_PROJECT_VERSION = 1;
				DEVELOPMENT_ASSET_PATHS = "\"damus/Preview Content\"";
				DEVELOPMENT_TEAM = XK7H4JAB3D;
				ENABLE_PREVIEWS = YES;
				GENERATE_INFOPLIST_FILE = YES;
				INFOPLIST_FILE = damus/Info.plist;
				INFOPLIST_KEY_UIApplicationSceneManifest_Generation = YES;
				INFOPLIST_KEY_UIApplicationSupportsIndirectInputEvents = YES;
				INFOPLIST_KEY_UILaunchScreen_Generation = YES;
				INFOPLIST_KEY_UISupportedInterfaceOrientations_iPad = "UIInterfaceOrientationPortrait UIInterfaceOrientationPortraitUpsideDown UIInterfaceOrientationLandscapeLeft UIInterfaceOrientationLandscapeRight";
				INFOPLIST_KEY_UISupportedInterfaceOrientations_iPhone = "UIInterfaceOrientationPortrait UIInterfaceOrientationLandscapeLeft UIInterfaceOrientationLandscapeRight";
				LD_RUNPATH_SEARCH_PATHS = (
					"$(inherited)",
					"@executable_path/Frameworks",
				);
				LIBRARY_SEARCH_PATHS = (
					"$(inherited)",
					"$(PROJECT_DIR)",
				);
				MARKETING_VERSION = 1.0;
				PRODUCT_BUNDLE_IDENTIFIER = com.jb55.damus;
				PRODUCT_NAME = "$(TARGET_NAME)";
				SWIFT_EMIT_LOC_STRINGS = YES;
				SWIFT_VERSION = 5.0;
				TARGETED_DEVICE_FAMILY = "1,2";
			};
			name = Debug;
		};
		4CE6DF0927F7A08200C66700 /* Release */ = {
			isa = XCBuildConfiguration;
			buildSettings = {
				ASSETCATALOG_COMPILER_APPICON_NAME = AppIcon;
				ASSETCATALOG_COMPILER_GLOBAL_ACCENT_COLOR_NAME = AccentColor;
				CODE_SIGN_STYLE = Automatic;
				CURRENT_PROJECT_VERSION = 1;
				DEVELOPMENT_ASSET_PATHS = "\"damus/Preview Content\"";
				DEVELOPMENT_TEAM = XK7H4JAB3D;
				ENABLE_PREVIEWS = YES;
				GENERATE_INFOPLIST_FILE = YES;
				INFOPLIST_FILE = damus/Info.plist;
				INFOPLIST_KEY_UIApplicationSceneManifest_Generation = YES;
				INFOPLIST_KEY_UIApplicationSupportsIndirectInputEvents = YES;
				INFOPLIST_KEY_UILaunchScreen_Generation = YES;
				INFOPLIST_KEY_UISupportedInterfaceOrientations_iPad = "UIInterfaceOrientationPortrait UIInterfaceOrientationPortraitUpsideDown UIInterfaceOrientationLandscapeLeft UIInterfaceOrientationLandscapeRight";
				INFOPLIST_KEY_UISupportedInterfaceOrientations_iPhone = "UIInterfaceOrientationPortrait UIInterfaceOrientationLandscapeLeft UIInterfaceOrientationLandscapeRight";
				LD_RUNPATH_SEARCH_PATHS = (
					"$(inherited)",
					"@executable_path/Frameworks",
				);
				LIBRARY_SEARCH_PATHS = (
					"$(inherited)",
					"$(PROJECT_DIR)",
				);
				MARKETING_VERSION = 1.0;
				PRODUCT_BUNDLE_IDENTIFIER = com.jb55.damus;
				PRODUCT_NAME = "$(TARGET_NAME)";
				SWIFT_EMIT_LOC_STRINGS = YES;
				SWIFT_VERSION = 5.0;
				TARGETED_DEVICE_FAMILY = "1,2";
			};
			name = Release;
		};
		4CE6DF0B27F7A08200C66700 /* Debug */ = {
			isa = XCBuildConfiguration;
			buildSettings = {
				ALWAYS_EMBED_SWIFT_STANDARD_LIBRARIES = YES;
				BUNDLE_LOADER = "$(TEST_HOST)";
				CODE_SIGN_STYLE = Automatic;
				CURRENT_PROJECT_VERSION = 1;
				DEVELOPMENT_TEAM = XK7H4JAB3D;
				GENERATE_INFOPLIST_FILE = YES;
				IPHONEOS_DEPLOYMENT_TARGET = 15.4;
				MARKETING_VERSION = 1.0;
				PRODUCT_BUNDLE_IDENTIFIER = com.jb55.damusTests;
				PRODUCT_NAME = "$(TARGET_NAME)";
				SWIFT_EMIT_LOC_STRINGS = NO;
				SWIFT_VERSION = 5.0;
				TARGETED_DEVICE_FAMILY = "1,2";
				TEST_HOST = "$(BUILT_PRODUCTS_DIR)/damus.app/damus";
			};
			name = Debug;
		};
		4CE6DF0C27F7A08200C66700 /* Release */ = {
			isa = XCBuildConfiguration;
			buildSettings = {
				ALWAYS_EMBED_SWIFT_STANDARD_LIBRARIES = YES;
				BUNDLE_LOADER = "$(TEST_HOST)";
				CODE_SIGN_STYLE = Automatic;
				CURRENT_PROJECT_VERSION = 1;
				DEVELOPMENT_TEAM = XK7H4JAB3D;
				GENERATE_INFOPLIST_FILE = YES;
				IPHONEOS_DEPLOYMENT_TARGET = 15.4;
				MARKETING_VERSION = 1.0;
				PRODUCT_BUNDLE_IDENTIFIER = com.jb55.damusTests;
				PRODUCT_NAME = "$(TARGET_NAME)";
				SWIFT_EMIT_LOC_STRINGS = NO;
				SWIFT_VERSION = 5.0;
				TARGETED_DEVICE_FAMILY = "1,2";
				TEST_HOST = "$(BUILT_PRODUCTS_DIR)/damus.app/damus";
			};
			name = Release;
		};
		4CE6DF0E27F7A08200C66700 /* Debug */ = {
			isa = XCBuildConfiguration;
			buildSettings = {
				ALWAYS_EMBED_SWIFT_STANDARD_LIBRARIES = YES;
				CODE_SIGN_STYLE = Automatic;
				CURRENT_PROJECT_VERSION = 1;
				DEVELOPMENT_TEAM = XK7H4JAB3D;
				GENERATE_INFOPLIST_FILE = YES;
				MARKETING_VERSION = 1.0;
				PRODUCT_BUNDLE_IDENTIFIER = com.jb55.damusUITests;
				PRODUCT_NAME = "$(TARGET_NAME)";
				SWIFT_EMIT_LOC_STRINGS = NO;
				SWIFT_VERSION = 5.0;
				TARGETED_DEVICE_FAMILY = "1,2";
				TEST_TARGET_NAME = damus;
			};
			name = Debug;
		};
		4CE6DF0F27F7A08200C66700 /* Release */ = {
			isa = XCBuildConfiguration;
			buildSettings = {
				ALWAYS_EMBED_SWIFT_STANDARD_LIBRARIES = YES;
				CODE_SIGN_STYLE = Automatic;
				CURRENT_PROJECT_VERSION = 1;
				DEVELOPMENT_TEAM = XK7H4JAB3D;
				GENERATE_INFOPLIST_FILE = YES;
				MARKETING_VERSION = 1.0;
				PRODUCT_BUNDLE_IDENTIFIER = com.jb55.damusUITests;
				PRODUCT_NAME = "$(TARGET_NAME)";
				SWIFT_EMIT_LOC_STRINGS = NO;
				SWIFT_VERSION = 5.0;
				TARGETED_DEVICE_FAMILY = "1,2";
				TEST_TARGET_NAME = damus;
			};
			name = Release;
		};
/* End XCBuildConfiguration section */

/* Begin XCConfigurationList section */
		4CE6DEDE27F7A08100C66700 /* Build configuration list for PBXProject "damus" */ = {
			isa = XCConfigurationList;
			buildConfigurations = (
				4CE6DF0527F7A08200C66700 /* Debug */,
				4CE6DF0627F7A08200C66700 /* Release */,
			);
			defaultConfigurationIsVisible = 0;
			defaultConfigurationName = Release;
		};
		4CE6DF0727F7A08200C66700 /* Build configuration list for PBXNativeTarget "damus" */ = {
			isa = XCConfigurationList;
			buildConfigurations = (
				4CE6DF0827F7A08200C66700 /* Debug */,
				4CE6DF0927F7A08200C66700 /* Release */,
			);
			defaultConfigurationIsVisible = 0;
			defaultConfigurationName = Release;
		};
		4CE6DF0A27F7A08200C66700 /* Build configuration list for PBXNativeTarget "damusTests" */ = {
			isa = XCConfigurationList;
			buildConfigurations = (
				4CE6DF0B27F7A08200C66700 /* Debug */,
				4CE6DF0C27F7A08200C66700 /* Release */,
			);
			defaultConfigurationIsVisible = 0;
			defaultConfigurationName = Release;
		};
		4CE6DF0D27F7A08200C66700 /* Build configuration list for PBXNativeTarget "damusUITests" */ = {
			isa = XCConfigurationList;
			buildConfigurations = (
				4CE6DF0E27F7A08200C66700 /* Debug */,
				4CE6DF0F27F7A08200C66700 /* Release */,
			);
			defaultConfigurationIsVisible = 0;
			defaultConfigurationName = Release;
		};
/* End XCConfigurationList section */

/* Begin XCRemoteSwiftPackageReference section */
		4CE6DF1027F7A2B300C66700 /* XCRemoteSwiftPackageReference "Starscream" */ = {
			isa = XCRemoteSwiftPackageReference;
			repositoryURL = "https://github.com/daltoniam/Starscream";
			requirement = {
				kind = upToNextMajorVersion;
				minimumVersion = 4.0.0;
			};
		};
		4CEE2AE92805AEA300AB5EEF /* XCRemoteSwiftPackageReference "secp256k1" */ = {
			isa = XCRemoteSwiftPackageReference;
			repositoryURL = "https://github.com/GigaBitcoin/secp256k1.swift";
			requirement = {
				kind = upToNextMajorVersion;
				minimumVersion = 0.5.0;
			};
		};
/* End XCRemoteSwiftPackageReference section */

/* Begin XCSwiftPackageProductDependency section */
		4CE6DF1127F7A2B300C66700 /* Starscream */ = {
			isa = XCSwiftPackageProductDependency;
			package = 4CE6DF1027F7A2B300C66700 /* XCRemoteSwiftPackageReference "Starscream" */;
			productName = Starscream;
		};
		4CEE2AEA2805AEA300AB5EEF /* secp256k1 */ = {
			isa = XCSwiftPackageProductDependency;
			package = 4CEE2AE92805AEA300AB5EEF /* XCRemoteSwiftPackageReference "secp256k1" */;
			productName = secp256k1;
		};
/* End XCSwiftPackageProductDependency section */
	};
	rootObject = 4CE6DEDB27F7A08100C66700 /* Project object */;
}
