{
  "pins" : [
    {
      "identity" : "kingfisher",
      "kind" : "remoteSourceControl",
      "location" : "https://github.com/onevcat/Kingfisher",
      "state" : {
        "revision" : "017f94ccfdacabb1ae7f45b75b4217b24c06e6ac",
        "version" : "7.4.0"
      }
    },
    {
      "identity" : "secp256k1.swift",
      "kind" : "remoteSourceControl",
      "location" : "https://github.com/jb55/secp256k1.swift",
      "state" : {
        "revision" : "40b4b38b3b1c83f7088c76189a742870e0ca06a9"
      }
    },
    {
      "identity" : "shimmer",
      "kind" : "remoteSourceControl",
      "location" : "https://github.com/joshuajhomann/Shimmer",
      "state" : {
        "branch" : "master",
        "revision" : "2fde687b3f1d9c5409c53da095d3686361e41343"
      }
    },
    {
      "identity" : "starscream",
      "kind" : "remoteSourceControl",
      "location" : "https://github.com/daltoniam/Starscream",
      "state" : {
        "revision" : "df8d82047f6654d8e4b655d1b1525c64e1059d21",
        "version" : "4.0.4"
      }
    },
    {
      "identity" : "vault",
      "kind" : "remoteSourceControl",
      "location" : "https://github.com/SparrowTek/Vault",
      "state" : {
        "revision" : "87db56c3c8b6421c65b0745f73e08b0dc56f79d4",
        "version" : "1.0.3"
      }
    }
  ],
  "version" : 2
}
